
Microsoft Visual Studio Solution File, Format Version 12.00
# Visual Studio 15
VisualStudioVersion = 15.0.28010.2050
MinimumVisualStudioVersion = 10.0.40219.1
Project("{9A19103F-16F7-4668-BE54-9A1E7A4F7556}") = "Xam.Plugin.Validators", "src\Xam.Plugin.Validators\Xam.Plugin.Validators.csproj", "{90C9B9EB-1146-4712-BB77-B43EF8924E9D}"
EndProject
Project("{2150E333-8FDC-42A3-9474-1A3956D46DE8}") = "samples", "samples", "{7929ADE7-58DC-453F-BBFB-034DCAE035D2}"
EndProject
Project("{2150E333-8FDC-42A3-9474-1A3956D46DE8}") = "src", "src", "{8BC7D9B5-C7B6-4D1A-9351-CDB4FFAD05F7}"
EndProject
Project("{9A19103F-16F7-4668-BE54-9A1E7A4F7556}") = "Validators", "samples\Validators\Validators.csproj", "{0414DE9F-1F46-4FE0-8419-1884E694ADCD}"
EndProject
Project("{FAE04EC0-301F-11D3-BF4B-00C04F79EFBC}") = "Validators.Android", "samples\Validators.Android\Validators.Android.csproj", "{30EFE065-134C-4C90-8E0A-1E1F12F49B18}"
EndProject
Project("{FAE04EC0-301F-11D3-BF4B-00C04F79EFBC}") = "Validators.iOS", "samples\Validators.iOS\Validators.iOS.csproj", "{E5B21CF6-7515-4F8B-A699-8B39B0969B1F}"
EndProject
Project("{FAE04EC0-301F-11D3-BF4B-00C04F79EFBC}") = "Validators.UWP", "samples\Validators.UWP\Validators.UWP.csproj", "{36DF0605-F08E-4056-AABE-8DF29563689C}"
EndProject
Global
	GlobalSection(SolutionConfigurationPlatforms) = preSolution
		Ad-Hoc|Any CPU = Ad-Hoc|Any CPU
		Ad-Hoc|ARM = Ad-Hoc|ARM
		Ad-Hoc|iPhone = Ad-Hoc|iPhone
		Ad-Hoc|iPhoneSimulator = Ad-Hoc|iPhoneSimulator
		Ad-Hoc|x64 = Ad-Hoc|x64
		Ad-Hoc|x86 = Ad-Hoc|x86
		AppStore|Any CPU = AppStore|Any CPU
		AppStore|ARM = AppStore|ARM
		AppStore|iPhone = AppStore|iPhone
		AppStore|iPhoneSimulator = AppStore|iPhoneSimulator
		AppStore|x64 = AppStore|x64
		AppStore|x86 = AppStore|x86
		Debug|Any CPU = Debug|Any CPU
		Debug|ARM = Debug|ARM
		Debug|iPhone = Debug|iPhone
		Debug|iPhoneSimulator = Debug|iPhoneSimulator
		Debug|x64 = Debug|x64
		Debug|x86 = Debug|x86
		Release|Any CPU = Release|Any CPU
		Release|ARM = Release|ARM
		Release|iPhone = Release|iPhone
		Release|iPhoneSimulator = Release|iPhoneSimulator
		Release|x64 = Release|x64
		Release|x86 = Release|x86
	EndGlobalSection
	GlobalSection(ProjectConfigurationPlatforms) = postSolution
		{90C9B9EB-1146-4712-BB77-B43EF8924E9D}.Ad-Hoc|Any CPU.ActiveCfg = Release|Any CPU
		{90C9B9EB-1146-4712-BB77-B43EF8924E9D}.Ad-Hoc|Any CPU.Build.0 = Release|Any CPU
		{90C9B9EB-1146-4712-BB77-B43EF8924E9D}.Ad-Hoc|ARM.ActiveCfg = Release|Any CPU
		{90C9B9EB-1146-4712-BB77-B43EF8924E9D}.Ad-Hoc|ARM.Build.0 = Release|Any CPU
		{90C9B9EB-1146-4712-BB77-B43EF8924E9D}.Ad-Hoc|iPhone.ActiveCfg = Release|Any CPU
		{90C9B9EB-1146-4712-BB77-B43EF8924E9D}.Ad-Hoc|iPhone.Build.0 = Release|Any CPU
		{90C9B9EB-1146-4712-BB77-B43EF8924E9D}.Ad-Hoc|iPhoneSimulator.ActiveCfg = Release|Any CPU
		{90C9B9EB-1146-4712-BB77-B43EF8924E9D}.Ad-Hoc|iPhoneSimulator.Build.0 = Release|Any CPU
		{90C9B9EB-1146-4712-BB77-B43EF8924E9D}.Ad-Hoc|x64.ActiveCfg = Release|Any CPU
		{90C9B9EB-1146-4712-BB77-B43EF8924E9D}.Ad-Hoc|x64.Build.0 = Release|Any CPU
		{90C9B9EB-1146-4712-BB77-B43EF8924E9D}.Ad-Hoc|x86.ActiveCfg = Release|Any CPU
		{90C9B9EB-1146-4712-BB77-B43EF8924E9D}.Ad-Hoc|x86.Build.0 = Release|Any CPU
		{90C9B9EB-1146-4712-BB77-B43EF8924E9D}.AppStore|Any CPU.ActiveCfg = Release|Any CPU
		{90C9B9EB-1146-4712-BB77-B43EF8924E9D}.AppStore|Any CPU.Build.0 = Release|Any CPU
		{90C9B9EB-1146-4712-BB77-B43EF8924E9D}.AppStore|ARM.ActiveCfg = Release|Any CPU
		{90C9B9EB-1146-4712-BB77-B43EF8924E9D}.AppStore|ARM.Build.0 = Release|Any CPU
		{90C9B9EB-1146-4712-BB77-B43EF8924E9D}.AppStore|iPhone.ActiveCfg = Release|Any CPU
		{90C9B9EB-1146-4712-BB77-B43EF8924E9D}.AppStore|iPhone.Build.0 = Release|Any CPU
		{90C9B9EB-1146-4712-BB77-B43EF8924E9D}.AppStore|iPhoneSimulator.ActiveCfg = Release|Any CPU
		{90C9B9EB-1146-4712-BB77-B43EF8924E9D}.AppStore|iPhoneSimulator.Build.0 = Release|Any CPU
		{90C9B9EB-1146-4712-BB77-B43EF8924E9D}.AppStore|x64.ActiveCfg = Release|Any CPU
		{90C9B9EB-1146-4712-BB77-B43EF8924E9D}.AppStore|x64.Build.0 = Release|Any CPU
		{90C9B9EB-1146-4712-BB77-B43EF8924E9D}.AppStore|x86.ActiveCfg = Release|Any CPU
		{90C9B9EB-1146-4712-BB77-B43EF8924E9D}.AppStore|x86.Build.0 = Release|Any CPU
		{90C9B9EB-1146-4712-BB77-B43EF8924E9D}.Debug|Any CPU.ActiveCfg = Debug|Any CPU
		{90C9B9EB-1146-4712-BB77-B43EF8924E9D}.Debug|Any CPU.Build.0 = Debug|Any CPU
		{90C9B9EB-1146-4712-BB77-B43EF8924E9D}.Debug|ARM.ActiveCfg = Debug|Any CPU
		{90C9B9EB-1146-4712-BB77-B43EF8924E9D}.Debug|ARM.Build.0 = Debug|Any CPU
		{90C9B9EB-1146-4712-BB77-B43EF8924E9D}.Debug|iPhone.ActiveCfg = Debug|Any CPU
		{90C9B9EB-1146-4712-BB77-B43EF8924E9D}.Debug|iPhone.Build.0 = Debug|Any CPU
		{90C9B9EB-1146-4712-BB77-B43EF8924E9D}.Debug|iPhoneSimulator.ActiveCfg = Debug|Any CPU
		{90C9B9EB-1146-4712-BB77-B43EF8924E9D}.Debug|iPhoneSimulator.Build.0 = Debug|Any CPU
		{90C9B9EB-1146-4712-BB77-B43EF8924E9D}.Debug|x64.ActiveCfg = Debug|Any CPU
		{90C9B9EB-1146-4712-BB77-B43EF8924E9D}.Debug|x64.Build.0 = Debug|Any CPU
		{90C9B9EB-1146-4712-BB77-B43EF8924E9D}.Debug|x86.ActiveCfg = Debug|Any CPU
		{90C9B9EB-1146-4712-BB77-B43EF8924E9D}.Debug|x86.Build.0 = Debug|Any CPU
		{90C9B9EB-1146-4712-BB77-B43EF8924E9D}.Release|Any CPU.ActiveCfg = Release|Any CPU
		{90C9B9EB-1146-4712-BB77-B43EF8924E9D}.Release|Any CPU.Build.0 = Release|Any CPU
		{90C9B9EB-1146-4712-BB77-B43EF8924E9D}.Release|ARM.ActiveCfg = Release|Any CPU
		{90C9B9EB-1146-4712-BB77-B43EF8924E9D}.Release|ARM.Build.0 = Release|Any CPU
		{90C9B9EB-1146-4712-BB77-B43EF8924E9D}.Release|iPhone.ActiveCfg = Release|Any CPU
		{90C9B9EB-1146-4712-BB77-B43EF8924E9D}.Release|iPhone.Build.0 = Release|Any CPU
		{90C9B9EB-1146-4712-BB77-B43EF8924E9D}.Release|iPhoneSimulator.ActiveCfg = Release|Any CPU
		{90C9B9EB-1146-4712-BB77-B43EF8924E9D}.Release|iPhoneSimulator.Build.0 = Release|Any CPU
		{90C9B9EB-1146-4712-BB77-B43EF8924E9D}.Release|x64.ActiveCfg = Release|Any CPU
		{90C9B9EB-1146-4712-BB77-B43EF8924E9D}.Release|x64.Build.0 = Release|Any CPU
		{90C9B9EB-1146-4712-BB77-B43EF8924E9D}.Release|x86.ActiveCfg = Release|Any CPU
		{90C9B9EB-1146-4712-BB77-B43EF8924E9D}.Release|x86.Build.0 = Release|Any CPU
		{0414DE9F-1F46-4FE0-8419-1884E694ADCD}.Ad-Hoc|Any CPU.ActiveCfg = Debug|Any CPU
		{0414DE9F-1F46-4FE0-8419-1884E694ADCD}.Ad-Hoc|Any CPU.Build.0 = Debug|Any CPU
		{0414DE9F-1F46-4FE0-8419-1884E694ADCD}.Ad-Hoc|ARM.ActiveCfg = Debug|Any CPU
		{0414DE9F-1F46-4FE0-8419-1884E694ADCD}.Ad-Hoc|ARM.Build.0 = Debug|Any CPU
		{0414DE9F-1F46-4FE0-8419-1884E694ADCD}.Ad-Hoc|iPhone.ActiveCfg = Debug|Any CPU
		{0414DE9F-1F46-4FE0-8419-1884E694ADCD}.Ad-Hoc|iPhone.Build.0 = Debug|Any CPU
		{0414DE9F-1F46-4FE0-8419-1884E694ADCD}.Ad-Hoc|iPhoneSimulator.ActiveCfg = Debug|Any CPU
		{0414DE9F-1F46-4FE0-8419-1884E694ADCD}.Ad-Hoc|iPhoneSimulator.Build.0 = Debug|Any CPU
		{0414DE9F-1F46-4FE0-8419-1884E694ADCD}.Ad-Hoc|x64.ActiveCfg = Debug|Any CPU
		{0414DE9F-1F46-4FE0-8419-1884E694ADCD}.Ad-Hoc|x64.Build.0 = Debug|Any CPU
		{0414DE9F-1F46-4FE0-8419-1884E694ADCD}.Ad-Hoc|x86.ActiveCfg = Debug|Any CPU
		{0414DE9F-1F46-4FE0-8419-1884E694ADCD}.Ad-Hoc|x86.Build.0 = Debug|Any CPU
		{0414DE9F-1F46-4FE0-8419-1884E694ADCD}.AppStore|Any CPU.ActiveCfg = Debug|Any CPU
		{0414DE9F-1F46-4FE0-8419-1884E694ADCD}.AppStore|Any CPU.Build.0 = Debug|Any CPU
		{0414DE9F-1F46-4FE0-8419-1884E694ADCD}.AppStore|ARM.ActiveCfg = Debug|Any CPU
		{0414DE9F-1F46-4FE0-8419-1884E694ADCD}.AppStore|ARM.Build.0 = Debug|Any CPU
		{0414DE9F-1F46-4FE0-8419-1884E694ADCD}.AppStore|iPhone.ActiveCfg = Debug|Any CPU
		{0414DE9F-1F46-4FE0-8419-1884E694ADCD}.AppStore|iPhone.Build.0 = Debug|Any CPU
		{0414DE9F-1F46-4FE0-8419-1884E694ADCD}.AppStore|iPhoneSimulator.ActiveCfg = Debug|Any CPU
		{0414DE9F-1F46-4FE0-8419-1884E694ADCD}.AppStore|iPhoneSimulator.Build.0 = Debug|Any CPU
		{0414DE9F-1F46-4FE0-8419-1884E694ADCD}.AppStore|x64.ActiveCfg = Debug|Any CPU
		{0414DE9F-1F46-4FE0-8419-1884E694ADCD}.AppStore|x64.Build.0 = Debug|Any CPU
		{0414DE9F-1F46-4FE0-8419-1884E694ADCD}.AppStore|x86.ActiveCfg = Debug|Any CPU
		{0414DE9F-1F46-4FE0-8419-1884E694ADCD}.AppStore|x86.Build.0 = Debug|Any CPU
		{0414DE9F-1F46-4FE0-8419-1884E694ADCD}.Debug|Any CPU.ActiveCfg = Debug|Any CPU
		{0414DE9F-1F46-4FE0-8419-1884E694ADCD}.Debug|Any CPU.Build.0 = Debug|Any CPU
		{0414DE9F-1F46-4FE0-8419-1884E694ADCD}.Debug|ARM.ActiveCfg = Debug|Any CPU
		{0414DE9F-1F46-4FE0-8419-1884E694ADCD}.Debug|ARM.Build.0 = Debug|Any CPU
		{0414DE9F-1F46-4FE0-8419-1884E694ADCD}.Debug|iPhone.ActiveCfg = Debug|Any CPU
		{0414DE9F-1F46-4FE0-8419-1884E694ADCD}.Debug|iPhone.Build.0 = Debug|Any CPU
		{0414DE9F-1F46-4FE0-8419-1884E694ADCD}.Debug|iPhoneSimulator.ActiveCfg = Debug|Any CPU
		{0414DE9F-1F46-4FE0-8419-1884E694ADCD}.Debug|iPhoneSimulator.Build.0 = Debug|Any CPU
		{0414DE9F-1F46-4FE0-8419-1884E694ADCD}.Debug|x64.ActiveCfg = Debug|Any CPU
		{0414DE9F-1F46-4FE0-8419-1884E694ADCD}.Debug|x64.Build.0 = Debug|Any CPU
		{0414DE9F-1F46-4FE0-8419-1884E694ADCD}.Debug|x86.ActiveCfg = Debug|Any CPU
		{0414DE9F-1F46-4FE0-8419-1884E694ADCD}.Debug|x86.Build.0 = Debug|Any CPU
		{0414DE9F-1F46-4FE0-8419-1884E694ADCD}.Release|Any CPU.ActiveCfg = Release|Any CPU
		{0414DE9F-1F46-4FE0-8419-1884E694ADCD}.Release|Any CPU.Build.0 = Release|Any CPU
		{0414DE9F-1F46-4FE0-8419-1884E694ADCD}.Release|ARM.ActiveCfg = Release|Any CPU
		{0414DE9F-1F46-4FE0-8419-1884E694ADCD}.Release|ARM.Build.0 = Release|Any CPU
		{0414DE9F-1F46-4FE0-8419-1884E694ADCD}.Release|iPhone.ActiveCfg = Release|Any CPU
		{0414DE9F-1F46-4FE0-8419-1884E694ADCD}.Release|iPhone.Build.0 = Release|Any CPU
		{0414DE9F-1F46-4FE0-8419-1884E694ADCD}.Release|iPhoneSimulator.ActiveCfg = Release|Any CPU
		{0414DE9F-1F46-4FE0-8419-1884E694ADCD}.Release|iPhoneSimulator.Build.0 = Release|Any CPU
		{0414DE9F-1F46-4FE0-8419-1884E694ADCD}.Release|x64.ActiveCfg = Release|Any CPU
		{0414DE9F-1F46-4FE0-8419-1884E694ADCD}.Release|x64.Build.0 = Release|Any CPU
		{0414DE9F-1F46-4FE0-8419-1884E694ADCD}.Release|x86.ActiveCfg = Release|Any CPU
		{0414DE9F-1F46-4FE0-8419-1884E694ADCD}.Release|x86.Build.0 = Release|Any CPU
		{30EFE065-134C-4C90-8E0A-1E1F12F49B18}.Ad-Hoc|Any CPU.ActiveCfg = Release|Any CPU
		{30EFE065-134C-4C90-8E0A-1E1F12F49B18}.Ad-Hoc|Any CPU.Build.0 = Release|Any CPU
		{30EFE065-134C-4C90-8E0A-1E1F12F49B18}.Ad-Hoc|Any CPU.Deploy.0 = Release|Any CPU
		{30EFE065-134C-4C90-8E0A-1E1F12F49B18}.Ad-Hoc|ARM.ActiveCfg = Release|Any CPU
		{30EFE065-134C-4C90-8E0A-1E1F12F49B18}.Ad-Hoc|ARM.Build.0 = Release|Any CPU
		{30EFE065-134C-4C90-8E0A-1E1F12F49B18}.Ad-Hoc|ARM.Deploy.0 = Release|Any CPU
		{30EFE065-134C-4C90-8E0A-1E1F12F49B18}.Ad-Hoc|iPhone.ActiveCfg = Release|Any CPU
		{30EFE065-134C-4C90-8E0A-1E1F12F49B18}.Ad-Hoc|iPhone.Build.0 = Release|Any CPU
		{30EFE065-134C-4C90-8E0A-1E1F12F49B18}.Ad-Hoc|iPhone.Deploy.0 = Release|Any CPU
		{30EFE065-134C-4C90-8E0A-1E1F12F49B18}.Ad-Hoc|iPhoneSimulator.ActiveCfg = Release|Any CPU
		{30EFE065-134C-4C90-8E0A-1E1F12F49B18}.Ad-Hoc|iPhoneSimulator.Build.0 = Release|Any CPU
		{30EFE065-134C-4C90-8E0A-1E1F12F49B18}.Ad-Hoc|iPhoneSimulator.Deploy.0 = Release|Any CPU
		{30EFE065-134C-4C90-8E0A-1E1F12F49B18}.Ad-Hoc|x64.ActiveCfg = Release|Any CPU
		{30EFE065-134C-4C90-8E0A-1E1F12F49B18}.Ad-Hoc|x64.Build.0 = Release|Any CPU
		{30EFE065-134C-4C90-8E0A-1E1F12F49B18}.Ad-Hoc|x64.Deploy.0 = Release|Any CPU
		{30EFE065-134C-4C90-8E0A-1E1F12F49B18}.Ad-Hoc|x86.ActiveCfg = Release|Any CPU
		{30EFE065-134C-4C90-8E0A-1E1F12F49B18}.Ad-Hoc|x86.Build.0 = Release|Any CPU
		{30EFE065-134C-4C90-8E0A-1E1F12F49B18}.Ad-Hoc|x86.Deploy.0 = Release|Any CPU
		{30EFE065-134C-4C90-8E0A-1E1F12F49B18}.AppStore|Any CPU.ActiveCfg = Release|Any CPU
		{30EFE065-134C-4C90-8E0A-1E1F12F49B18}.AppStore|Any CPU.Build.0 = Release|Any CPU
		{30EFE065-134C-4C90-8E0A-1E1F12F49B18}.AppStore|Any CPU.Deploy.0 = Release|Any CPU
		{30EFE065-134C-4C90-8E0A-1E1F12F49B18}.AppStore|ARM.ActiveCfg = Release|Any CPU
		{30EFE065-134C-4C90-8E0A-1E1F12F49B18}.AppStore|ARM.Build.0 = Release|Any CPU
		{30EFE065-134C-4C90-8E0A-1E1F12F49B18}.AppStore|ARM.Deploy.0 = Release|Any CPU
		{30EFE065-134C-4C90-8E0A-1E1F12F49B18}.AppStore|iPhone.ActiveCfg = Release|Any CPU
		{30EFE065-134C-4C90-8E0A-1E1F12F49B18}.AppStore|iPhone.Build.0 = Release|Any CPU
		{30EFE065-134C-4C90-8E0A-1E1F12F49B18}.AppStore|iPhone.Deploy.0 = Release|Any CPU
		{30EFE065-134C-4C90-8E0A-1E1F12F49B18}.AppStore|iPhoneSimulator.ActiveCfg = Release|Any CPU
		{30EFE065-134C-4C90-8E0A-1E1F12F49B18}.AppStore|iPhoneSimulator.Build.0 = Release|Any CPU
		{30EFE065-134C-4C90-8E0A-1E1F12F49B18}.AppStore|iPhoneSimulator.Deploy.0 = Release|Any CPU
		{30EFE065-134C-4C90-8E0A-1E1F12F49B18}.AppStore|x64.ActiveCfg = Release|Any CPU
		{30EFE065-134C-4C90-8E0A-1E1F12F49B18}.AppStore|x64.Build.0 = Release|Any CPU
		{30EFE065-134C-4C90-8E0A-1E1F12F49B18}.AppStore|x64.Deploy.0 = Release|Any CPU
		{30EFE065-134C-4C90-8E0A-1E1F12F49B18}.AppStore|x86.ActiveCfg = Release|Any CPU
		{30EFE065-134C-4C90-8E0A-1E1F12F49B18}.AppStore|x86.Build.0 = Release|Any CPU
		{30EFE065-134C-4C90-8E0A-1E1F12F49B18}.AppStore|x86.Deploy.0 = Release|Any CPU
		{30EFE065-134C-4C90-8E0A-1E1F12F49B18}.Debug|Any CPU.ActiveCfg = Debug|Any CPU
		{30EFE065-134C-4C90-8E0A-1E1F12F49B18}.Debug|Any CPU.Build.0 = Debug|Any CPU
		{30EFE065-134C-4C90-8E0A-1E1F12F49B18}.Debug|Any CPU.Deploy.0 = Debug|Any CPU
		{30EFE065-134C-4C90-8E0A-1E1F12F49B18}.Debug|ARM.ActiveCfg = Debug|Any CPU
		{30EFE065-134C-4C90-8E0A-1E1F12F49B18}.Debug|ARM.Build.0 = Debug|Any CPU
		{30EFE065-134C-4C90-8E0A-1E1F12F49B18}.Debug|ARM.Deploy.0 = Debug|Any CPU
		{30EFE065-134C-4C90-8E0A-1E1F12F49B18}.Debug|iPhone.ActiveCfg = Debug|Any CPU
		{30EFE065-134C-4C90-8E0A-1E1F12F49B18}.Debug|iPhone.Build.0 = Debug|Any CPU
		{30EFE065-134C-4C90-8E0A-1E1F12F49B18}.Debug|iPhone.Deploy.0 = Debug|Any CPU
		{30EFE065-134C-4C90-8E0A-1E1F12F49B18}.Debug|iPhoneSimulator.ActiveCfg = Debug|Any CPU
		{30EFE065-134C-4C90-8E0A-1E1F12F49B18}.Debug|iPhoneSimulator.Build.0 = Debug|Any CPU
		{30EFE065-134C-4C90-8E0A-1E1F12F49B18}.Debug|iPhoneSimulator.Deploy.0 = Debug|Any CPU
		{30EFE065-134C-4C90-8E0A-1E1F12F49B18}.Debug|x64.ActiveCfg = Debug|Any CPU
		{30EFE065-134C-4C90-8E0A-1E1F12F49B18}.Debug|x64.Build.0 = Debug|Any CPU
		{30EFE065-134C-4C90-8E0A-1E1F12F49B18}.Debug|x64.Deploy.0 = Debug|Any CPU
		{30EFE065-134C-4C90-8E0A-1E1F12F49B18}.Debug|x86.ActiveCfg = Debug|Any CPU
		{30EFE065-134C-4C90-8E0A-1E1F12F49B18}.Debug|x86.Build.0 = Debug|Any CPU
		{30EFE065-134C-4C90-8E0A-1E1F12F49B18}.Debug|x86.Deploy.0 = Debug|Any CPU
		{30EFE065-134C-4C90-8E0A-1E1F12F49B18}.Release|Any CPU.ActiveCfg = Release|Any CPU
		{30EFE065-134C-4C90-8E0A-1E1F12F49B18}.Release|Any CPU.Build.0 = Release|Any CPU
		{30EFE065-134C-4C90-8E0A-1E1F12F49B18}.Release|Any CPU.Deploy.0 = Release|Any CPU
		{30EFE065-134C-4C90-8E0A-1E1F12F49B18}.Release|ARM.ActiveCfg = Release|Any CPU
		{30EFE065-134C-4C90-8E0A-1E1F12F49B18}.Release|ARM.Build.0 = Release|Any CPU
		{30EFE065-134C-4C90-8E0A-1E1F12F49B18}.Release|ARM.Deploy.0 = Release|Any CPU
		{30EFE065-134C-4C90-8E0A-1E1F12F49B18}.Release|iPhone.ActiveCfg = Release|Any CPU
		{30EFE065-134C-4C90-8E0A-1E1F12F49B18}.Release|iPhone.Build.0 = Release|Any CPU
		{30EFE065-134C-4C90-8E0A-1E1F12F49B18}.Release|iPhone.Deploy.0 = Release|Any CPU
		{30EFE065-134C-4C90-8E0A-1E1F12F49B18}.Release|iPhoneSimulator.ActiveCfg = Release|Any CPU
		{30EFE065-134C-4C90-8E0A-1E1F12F49B18}.Release|iPhoneSimulator.Build.0 = Release|Any CPU
		{30EFE065-134C-4C90-8E0A-1E1F12F49B18}.Release|iPhoneSimulator.Deploy.0 = Release|Any CPU
		{30EFE065-134C-4C90-8E0A-1E1F12F49B18}.Release|x64.ActiveCfg = Release|Any CPU
		{30EFE065-134C-4C90-8E0A-1E1F12F49B18}.Release|x64.Build.0 = Release|Any CPU
		{30EFE065-134C-4C90-8E0A-1E1F12F49B18}.Release|x64.Deploy.0 = Release|Any CPU
		{30EFE065-134C-4C90-8E0A-1E1F12F49B18}.Release|x86.ActiveCfg = Release|Any CPU
		{30EFE065-134C-4C90-8E0A-1E1F12F49B18}.Release|x86.Build.0 = Release|Any CPU
		{30EFE065-134C-4C90-8E0A-1E1F12F49B18}.Release|x86.Deploy.0 = Release|Any CPU
		{E5B21CF6-7515-4F8B-A699-8B39B0969B1F}.Ad-Hoc|Any CPU.ActiveCfg = Ad-Hoc|iPhone
		{E5B21CF6-7515-4F8B-A699-8B39B0969B1F}.Ad-Hoc|ARM.ActiveCfg = Ad-Hoc|iPhone
		{E5B21CF6-7515-4F8B-A699-8B39B0969B1F}.Ad-Hoc|iPhone.ActiveCfg = Ad-Hoc|iPhone
		{E5B21CF6-7515-4F8B-A699-8B39B0969B1F}.Ad-Hoc|iPhone.Build.0 = Ad-Hoc|iPhone
		{E5B21CF6-7515-4F8B-A699-8B39B0969B1F}.Ad-Hoc|iPhoneSimulator.ActiveCfg = Ad-Hoc|iPhoneSimulator
		{E5B21CF6-7515-4F8B-A699-8B39B0969B1F}.Ad-Hoc|iPhoneSimulator.Build.0 = Ad-Hoc|iPhoneSimulator
		{E5B21CF6-7515-4F8B-A699-8B39B0969B1F}.Ad-Hoc|x64.ActiveCfg = Ad-Hoc|iPhone
		{E5B21CF6-7515-4F8B-A699-8B39B0969B1F}.Ad-Hoc|x86.ActiveCfg = Ad-Hoc|iPhone
		{E5B21CF6-7515-4F8B-A699-8B39B0969B1F}.AppStore|Any CPU.ActiveCfg = AppStore|iPhone
		{E5B21CF6-7515-4F8B-A699-8B39B0969B1F}.AppStore|ARM.ActiveCfg = AppStore|iPhone
		{E5B21CF6-7515-4F8B-A699-8B39B0969B1F}.AppStore|iPhone.ActiveCfg = AppStore|iPhone
		{E5B21CF6-7515-4F8B-A699-8B39B0969B1F}.AppStore|iPhone.Build.0 = AppStore|iPhone
		{E5B21CF6-7515-4F8B-A699-8B39B0969B1F}.AppStore|iPhoneSimulator.ActiveCfg = AppStore|iPhoneSimulator
		{E5B21CF6-7515-4F8B-A699-8B39B0969B1F}.AppStore|iPhoneSimulator.Build.0 = AppStore|iPhoneSimulator
		{E5B21CF6-7515-4F8B-A699-8B39B0969B1F}.AppStore|x64.ActiveCfg = AppStore|iPhone
		{E5B21CF6-7515-4F8B-A699-8B39B0969B1F}.AppStore|x86.ActiveCfg = AppStore|iPhone
		{E5B21CF6-7515-4F8B-A699-8B39B0969B1F}.Debug|Any CPU.ActiveCfg = Debug|iPhone
		{E5B21CF6-7515-4F8B-A699-8B39B0969B1F}.Debug|ARM.ActiveCfg = Debug|iPhone
		{E5B21CF6-7515-4F8B-A699-8B39B0969B1F}.Debug|iPhone.ActiveCfg = Debug|iPhone
		{E5B21CF6-7515-4F8B-A699-8B39B0969B1F}.Debug|iPhone.Build.0 = Debug|iPhone
		{E5B21CF6-7515-4F8B-A699-8B39B0969B1F}.Debug|iPhoneSimulator.ActiveCfg = Debug|iPhoneSimulator
		{E5B21CF6-7515-4F8B-A699-8B39B0969B1F}.Debug|iPhoneSimulator.Build.0 = Debug|iPhoneSimulator
		{E5B21CF6-7515-4F8B-A699-8B39B0969B1F}.Debug|x64.ActiveCfg = Debug|iPhone
		{E5B21CF6-7515-4F8B-A699-8B39B0969B1F}.Debug|x86.ActiveCfg = Debug|iPhone
		{E5B21CF6-7515-4F8B-A699-8B39B0969B1F}.Release|Any CPU.ActiveCfg = Release|iPhone
		{E5B21CF6-7515-4F8B-A699-8B39B0969B1F}.Release|ARM.ActiveCfg = Release|iPhone
		{E5B21CF6-7515-4F8B-A699-8B39B0969B1F}.Release|iPhone.ActiveCfg = Release|iPhone
		{E5B21CF6-7515-4F8B-A699-8B39B0969B1F}.Release|iPhone.Build.0 = Release|iPhone
		{E5B21CF6-7515-4F8B-A699-8B39B0969B1F}.Release|iPhoneSimulator.ActiveCfg = Release|iPhoneSimulator
		{E5B21CF6-7515-4F8B-A699-8B39B0969B1F}.Release|iPhoneSimulator.Build.0 = Release|iPhoneSimulator
		{E5B21CF6-7515-4F8B-A699-8B39B0969B1F}.Release|x64.ActiveCfg = Release|iPhone
		{E5B21CF6-7515-4F8B-A699-8B39B0969B1F}.Release|x86.ActiveCfg = Release|iPhone
		{36DF0605-F08E-4056-AABE-8DF29563689C}.Ad-Hoc|Any CPU.ActiveCfg = Release|x86
		{36DF0605-F08E-4056-AABE-8DF29563689C}.Ad-Hoc|Any CPU.Build.0 = Release|x86
		{36DF0605-F08E-4056-AABE-8DF29563689C}.Ad-Hoc|Any CPU.Deploy.0 = Release|x86
		{36DF0605-F08E-4056-AABE-8DF29563689C}.Ad-Hoc|ARM.ActiveCfg = Release|ARM
		{36DF0605-F08E-4056-AABE-8DF29563689C}.Ad-Hoc|ARM.Build.0 = Release|ARM
		{36DF0605-F08E-4056-AABE-8DF29563689C}.Ad-Hoc|ARM.Deploy.0 = Release|ARM
		{36DF0605-F08E-4056-AABE-8DF29563689C}.Ad-Hoc|iPhone.ActiveCfg = Release|x86
		{36DF0605-F08E-4056-AABE-8DF29563689C}.Ad-Hoc|iPhone.Build.0 = Release|x86
		{36DF0605-F08E-4056-AABE-8DF29563689C}.Ad-Hoc|iPhone.Deploy.0 = Release|x86
		{36DF0605-F08E-4056-AABE-8DF29563689C}.Ad-Hoc|iPhoneSimulator.ActiveCfg = Release|x86
		{36DF0605-F08E-4056-AABE-8DF29563689C}.Ad-Hoc|iPhoneSimulator.Build.0 = Release|x86
		{36DF0605-F08E-4056-AABE-8DF29563689C}.Ad-Hoc|iPhoneSimulator.Deploy.0 = Release|x86
		{36DF0605-F08E-4056-AABE-8DF29563689C}.Ad-Hoc|x64.ActiveCfg = Release|x64
		{36DF0605-F08E-4056-AABE-8DF29563689C}.Ad-Hoc|x64.Build.0 = Release|x64
		{36DF0605-F08E-4056-AABE-8DF29563689C}.Ad-Hoc|x64.Deploy.0 = Release|x64
		{36DF0605-F08E-4056-AABE-8DF29563689C}.Ad-Hoc|x86.ActiveCfg = Release|x86
		{36DF0605-F08E-4056-AABE-8DF29563689C}.Ad-Hoc|x86.Build.0 = Release|x86
		{36DF0605-F08E-4056-AABE-8DF29563689C}.Ad-Hoc|x86.Deploy.0 = Release|x86
		{36DF0605-F08E-4056-AABE-8DF29563689C}.AppStore|Any CPU.ActiveCfg = Release|x86
		{36DF0605-F08E-4056-AABE-8DF29563689C}.AppStore|Any CPU.Build.0 = Release|x86
		{36DF0605-F08E-4056-AABE-8DF29563689C}.AppStore|Any CPU.Deploy.0 = Release|x86
		{36DF0605-F08E-4056-AABE-8DF29563689C}.AppStore|ARM.ActiveCfg = Release|ARM
		{36DF0605-F08E-4056-AABE-8DF29563689C}.AppStore|ARM.Build.0 = Release|ARM
		{36DF0605-F08E-4056-AABE-8DF29563689C}.AppStore|ARM.Deploy.0 = Release|ARM
		{36DF0605-F08E-4056-AABE-8DF29563689C}.AppStore|iPhone.ActiveCfg = Release|x86
		{36DF0605-F08E-4056-AABE-8DF29563689C}.AppStore|iPhone.Build.0 = Release|x86
		{36DF0605-F08E-4056-AABE-8DF29563689C}.AppStore|iPhone.Deploy.0 = Release|x86
		{36DF0605-F08E-4056-AABE-8DF29563689C}.AppStore|iPhoneSimulator.ActiveCfg = Release|x86
		{36DF0605-F08E-4056-AABE-8DF29563689C}.AppStore|iPhoneSimulator.Build.0 = Release|x86
		{36DF0605-F08E-4056-AABE-8DF29563689C}.AppStore|iPhoneSimulator.Deploy.0 = Release|x86
		{36DF0605-F08E-4056-AABE-8DF29563689C}.AppStore|x64.ActiveCfg = Release|x64
		{36DF0605-F08E-4056-AABE-8DF29563689C}.AppStore|x64.Build.0 = Release|x64
		{36DF0605-F08E-4056-AABE-8DF29563689C}.AppStore|x64.Deploy.0 = Release|x64
		{36DF0605-F08E-4056-AABE-8DF29563689C}.AppStore|x86.ActiveCfg = Release|x86
		{36DF0605-F08E-4056-AABE-8DF29563689C}.AppStore|x86.Build.0 = Release|x86
		{36DF0605-F08E-4056-AABE-8DF29563689C}.AppStore|x86.Deploy.0 = Release|x86
		{36DF0605-F08E-4056-AABE-8DF29563689C}.Debug|Any CPU.ActiveCfg = Debug|x86
		{36DF0605-F08E-4056-AABE-8DF29563689C}.Debug|ARM.ActiveCfg = Debug|ARM
		{36DF0605-F08E-4056-AABE-8DF29563689C}.Debug|ARM.Build.0 = Debug|ARM
		{36DF0605-F08E-4056-AABE-8DF29563689C}.Debug|ARM.Deploy.0 = Debug|ARM
		{36DF0605-F08E-4056-AABE-8DF29563689C}.Debug|iPhone.ActiveCfg = Debug|x86
		{36DF0605-F08E-4056-AABE-8DF29563689C}.Debug|iPhoneSimulator.ActiveCfg = Debug|x86
		{36DF0605-F08E-4056-AABE-8DF29563689C}.Debug|x64.ActiveCfg = Debug|x64
		{36DF0605-F08E-4056-AABE-8DF29563689C}.Debug|x64.Build.0 = Debug|x64
		{36DF0605-F08E-4056-AABE-8DF29563689C}.Debug|x64.Deploy.0 = Debug|x64
		{36DF0605-F08E-4056-AABE-8DF29563689C}.Debug|x86.ActiveCfg = Debug|x86
		{36DF0605-F08E-4056-AABE-8DF29563689C}.Debug|x86.Build.0 = Debug|x86
		{36DF0605-F08E-4056-AABE-8DF29563689C}.Debug|x86.Deploy.0 = Debug|x86
		{36DF0605-F08E-4056-AABE-8DF29563689C}.Release|Any CPU.ActiveCfg = Release|x86
		{36DF0605-F08E-4056-AABE-8DF29563689C}.Release|ARM.ActiveCfg = Release|ARM
		{36DF0605-F08E-4056-AABE-8DF29563689C}.Release|ARM.Build.0 = Release|ARM
		{36DF0605-F08E-4056-AABE-8DF29563689C}.Release|ARM.Deploy.0 = Release|ARM
		{36DF0605-F08E-4056-AABE-8DF29563689C}.Release|iPhone.ActiveCfg = Release|x86
		{36DF0605-F08E-4056-AABE-8DF29563689C}.Release|iPhoneSimulator.ActiveCfg = Release|x86
		{36DF0605-F08E-4056-AABE-8DF29563689C}.Release|x64.ActiveCfg = Release|x64
		{36DF0605-F08E-4056-AABE-8DF29563689C}.Release|x64.Build.0 = Release|x64
		{36DF0605-F08E-4056-AABE-8DF29563689C}.Release|x64.Deploy.0 = Release|x64
		{36DF0605-F08E-4056-AABE-8DF29563689C}.Release|x86.ActiveCfg = Release|x86
		{36DF0605-F08E-4056-AABE-8DF29563689C}.Release|x86.Build.0 = Release|x86
		{36DF0605-F08E-4056-AABE-8DF29563689C}.Release|x86.Deploy.0 = Release|x86
	EndGlobalSection
	GlobalSection(SolutionProperties) = preSolution
		HideSolutionNode = FALSE
	EndGlobalSection
	GlobalSection(NestedProjects) = preSolution
		{90C9B9EB-1146-4712-BB77-B43EF8924E9D} = {8BC7D9B5-C7B6-4D1A-9351-CDB4FFAD05F7}
		{0414DE9F-1F46-4FE0-8419-1884E694ADCD} = {7929ADE7-58DC-453F-BBFB-034DCAE035D2}
		{30EFE065-134C-4C90-8E0A-1E1F12F49B18} = {7929ADE7-58DC-453F-BBFB-034DCAE035D2}
		{E5B21CF6-7515-4F8B-A699-8B39B0969B1F} = {7929ADE7-58DC-453F-BBFB-034DCAE035D2}
		{36DF0605-F08E-4056-AABE-8DF29563689C} = {7929ADE7-58DC-453F-BBFB-034DCAE035D2}
	EndGlobalSection
	GlobalSection(ExtensibilityGlobals) = postSolution
		SolutionGuid = {793135BB-2C0F-4130-945C-63128E04F56C}
	EndGlobalSection
EndGlobal
